<?xml version="1.0" encoding="utf-8"?>
<Project ToolsVersion="4.0" xmlns="http://schemas.microsoft.com/developer/msbuild/2003">
  <ItemGroup>
    <Filter Include="Source Files">
      <UniqueIdentifier>{4FC737F1-C7A5-4376-A066-2A32D752A2FF}</UniqueIdentifier>
      <Extensions>cpp;c;cc;cxx;def;odl;idl;hpj;bat;asm;asmx</Extensions>
    </Filter>
    <Filter Include="Header Files">
      <UniqueIdentifier>{93995380-89BD-4b04-88EB-625FBE52EBFB}</UniqueIdentifier>
      <Extensions>h;hh;hpp;hxx;hm;inl;inc;xsd</Extensions>
    </Filter>
    <Filter Include="Resource Files">
      <UniqueIdentifier>{D9D6E242-F8AF-46E4-B9FD-80ECBC20BA3E}</UniqueIdentifier>
      <Extensions>qrc;*</Extensions>
      <ParseFiles>false</ParseFiles>
    </Filter>
    <Filter Include="Form Files">
      <UniqueIdentifier>{99349809-55BA-4b9d-BF79-8FDBB0286EB3}</UniqueIdentifier>
      <Extensions>ui</Extensions>
    </Filter>
    <Filter Include="Resource Files">
      <UniqueIdentifier>{D9D6E242-F8AF-46E4-B9FD-80ECBC20BA3E}</UniqueIdentifier>
      <Extensions>qrc;*</Extensions>
      <ParseFiles>false</ParseFiles>
    </Filter>
    <Filter Include="Generated Files">
      <UniqueIdentifier>{71ED8ED8-ACB9-4CE9-BBE1-E00B30144E11}</UniqueIdentifier>
      <Extensions>moc;h;cpp</Extensions>
      <SourceControlFiles>False</SourceControlFiles>
    </Filter>
  </ItemGroup>
  <ItemGroup>
    <ClCompile Include="main.cpp">
      <Filter>Source Files</Filter>
    </ClCompile>
    <ClCompile Include="stdafx.cpp">
      <Filter>Source Files</Filter>
    </ClCompile>
    <ClCompile Include="ProjectFrontend.cpp">
      <Filter>Source Files</Filter>
    </ClCompile>
    <ClCompile Include="GeneratedFiles\Debug\moc_ProjectFrontend.cpp">
      <Filter>Generated Files</Filter>
    </ClCompile>
    <ClCompile Include="GeneratedFiles\Release\moc_ProjectFrontend.cpp">
      <Filter>Generated Files</Filter>
    </ClCompile>
    <ClCompile Include="GeneratedFiles\qrc_ProjectFrontend.cpp">
      <Filter>Generated Files</Filter>
    </ClCompile>
    <ClCompile Include="GeneratedFiles\Debug\moc_RegisterForm.cpp">
      <Filter>Generated Files</Filter>
    </ClCompile>
    <ClCompile Include="GeneratedFiles\Release\moc_RegisterForm.cpp">
      <Filter>Generated Files</Filter>
    </ClCompile>
    <ClCompile Include="RegisterForm.cpp">
      <Filter>Source Files</Filter>
    </ClCompile>
    <ClCompile Include="MySQLite.cpp">
      <Filter>Source Files</Filter>
    </ClCompile>
    <ClCompile Include="GeneratedFiles\Debug\moc_MaintainerView.cpp">
      <Filter>Generated Files</Filter>
    </ClCompile>
    <ClCompile Include="GeneratedFiles\Release\moc_MaintainerView.cpp">
      <Filter>Generated Files</Filter>
    </ClCompile>
    <ClCompile Include="MaintainerView.cpp">
      <Filter>Source Files</Filter>
    </ClCompile>
    <ClCompile Include="GeneratedFiles\Debug\moc_CommentSupervise.cpp">
      <Filter>Generated Files</Filter>
    </ClCompile>
    <ClCompile Include="GeneratedFiles\Release\moc_CommentSupervise.cpp">
      <Filter>Generated Files</Filter>
    </ClCompile>
    <ClCompile Include="CommentSupervise.cpp">
      <Filter>Source Files</Filter>
    </ClCompile>
    <ClCompile Include="GeneratedFiles\Debug\moc_OrderSupervise.cpp">
      <Filter>Generated Files</Filter>
    </ClCompile>
    <ClCompile Include="GeneratedFiles\Release\moc_OrderSupervise.cpp">
      <Filter>Generated Files</Filter>
    </ClCompile>
    <ClCompile Include="OrderSupervise.cpp">
      <Filter>Source Files</Filter>
    </ClCompile>
    <ClCompile Include="GeneratedFiles\Debug\moc_CustomerView.cpp">
      <Filter>Generated Files</Filter>
    </ClCompile>
    <ClCompile Include="GeneratedFiles\Release\moc_CustomerView.cpp">
      <Filter>Generated Files</Filter>
    </ClCompile>
    <ClCompile Include="CustomerView.cpp">
      <Filter>Source Files</Filter>
    </ClCompile>
    <ClCompile Include="GeneratedFiles\Debug\moc_BrowseComment.cpp">
      <Filter>Generated Files</Filter>
    </ClCompile>
    <ClCompile Include="GeneratedFiles\Release\moc_BrowseComment.cpp">
      <Filter>Generated Files</Filter>
    </ClCompile>
    <ClCompile Include="BrowseComment.cpp">
      <Filter>Source Files</Filter>
    </ClCompile>
    <ClCompile Include="GeneratedFiles\Debug\moc_AddComment.cpp">
      <Filter>Generated Files</Filter>
    </ClCompile>
    <ClCompile Include="GeneratedFiles\Release\moc_AddComment.cpp">
      <Filter>Generated Files</Filter>
    </ClCompile>
    <ClCompile Include="AddComment.cpp">
      <Filter>Source Files</Filter>
    </ClCompile>
    <ClCompile Include="GeneratedFiles\Debug\moc_CookView.cpp">
      <Filter>Generated Files</Filter>
    </ClCompile>
    <ClCompile Include="GeneratedFiles\Release\moc_CookView.cpp">
      <Filter>Generated Files</Filter>
    </ClCompile>
    <ClCompile Include="CookView.cpp">
      <Filter>Source Files</Filter>
    </ClCompile>
    <ClCompile Include="GeneratedFiles\Debug\moc_WaitorView.cpp">
      <Filter>Generated Files</Filter>
    </ClCompile>
    <ClCompile Include="GeneratedFiles\Release\moc_WaitorView.cpp">
      <Filter>Generated Files</Filter>
    </ClCompile>
    <ClCompile Include="GeneratedFiles\Debug\moc_ManagerView.cpp">
      <Filter>Generated Files</Filter>
    </ClCompile>
    <ClCompile Include="GeneratedFiles\Release\moc_ManagerView.cpp">
      <Filter>Generated Files</Filter>
    </ClCompile>
    <ClCompile Include="ManagerView.cpp">
      <Filter>Source Files</Filter>
    </ClCompile>
    <ClCompile Include="WaitorView.cpp">
      <Filter>Source Files</Filter>
    </ClCompile>
    <ClCompile Include="GeneratedFiles\Debug\moc_ProfileView.cpp">
      <Filter>Generated Files</Filter>
    </ClCompile>
    <ClCompile Include="GeneratedFiles\Release\moc_ProfileView.cpp">
      <Filter>Generated Files</Filter>
    </ClCompile>
    <ClCompile Include="ProfileView.cpp">
      <Filter>Source Files</Filter>
    </ClCompile>
    <ClCompile Include="ProjectBackend.cpp">
      <Filter>Source Files</Filter>
    </ClCompile>
  </ItemGroup>
  <ItemGroup>
    <ClInclude Include="GeneratedFiles\ui_RegisterForm.h">
      <Filter>Generated Files</Filter>
    </ClInclude>
    <ClInclude Include="MySQLite.h">
      <Filter>Header Files</Filter>
    </ClInclude>
    <ClInclude Include="GeneratedFiles\ui_MaintainerView.h">
      <Filter>Generated Files</Filter>
    </ClInclude>
    <ClInclude Include="GeneratedFiles\ui_CommentSupervise.h">
      <Filter>Generated Files</Filter>
    </ClInclude>
    <ClInclude Include="GeneratedFiles\ui_OrderSupervise.h">
      <Filter>Generated Files</Filter>
    </ClInclude>
    <ClInclude Include="GeneratedFiles\ui_CustomerView.h">
      <Filter>Generated Files</Filter>
    </ClInclude>
    <ClInclude Include="GeneratedFiles\ui_BrowseComment.h">
      <Filter>Generated Files</Filter>
    </ClInclude>
    <ClInclude Include="stdafx.h">
      <Filter>Header Files</Filter>
    </ClInclude>
    <ClInclude Include="GeneratedFiles\ui_AddComment.h">
      <Filter>Generated Files</Filter>
    </ClInclude>
    <ClInclude Include="GeneratedFiles\ui_CookView.h">
      <Filter>Generated Files</Filter>
    </ClInclude>
    <ClInclude Include="GeneratedFiles\ui_WaitorView.h">
      <Filter>Generated Files</Filter>
    </ClInclude>
    <ClInclude Include="GeneratedFiles\ui_ManagerView.h">
      <Filter>Generated Files</Filter>
    </ClInclude>
    <ClInclude Include="GeneratedFiles\ui_ProfileView.h">
      <Filter>Generated Files</Filter>
    </ClInclude>
    <ClInclude Include="ProjectBackend.h">
      <Filter>Header Files</Filter>
    </ClInclude>
  </ItemGroup>
  <ItemGroup>
    <CustomBuild Include="ProjectFrontend.h">
      <Filter>Header Files</Filter>
    </CustomBuild>
    <CustomBuild Include="ProjectFrontend.ui">
      <Filter>Form Files</Filter>
    </CustomBuild>
    <CustomBuild Include="ProjectFrontend.qrc">
      <Filter>Resource Files</Filter>
    </CustomBuild>
    <CustomBuild Include="RegisterForm.h">
      <Filter>Header Files</Filter>
    </CustomBuild>
    <CustomBuild Include="RegisterForm.ui">
      <Filter>Form Files</Filter>
    </CustomBuild>
    <CustomBuild Include="MaintainerView.h">
      <Filter>Header Files</Filter>
    </CustomBuild>
    <CustomBuild Include="MaintainerView.ui">
      <Filter>Form Files</Filter>
    </CustomBuild>
    <CustomBuild Include="CommentSupervise.h">
      <Filter>Header Files</Filter>
    </CustomBuild>
    <CustomBuild Include="CommentSupervise.ui">
      <Filter>Form Files</Filter>
    </CustomBuild>
    <CustomBuild Include="OrderSupervise.h">
      <Filter>Header Files</Filter>
    </CustomBuild>
    <CustomBuild Include="OrderSupervise.ui">
      <Filter>Form Files</Filter>
    </CustomBuild>
    <CustomBuild Include="CustomerView.h">
      <Filter>Header Files</Filter>
    </CustomBuild>
    <CustomBuild Include="CustomerView.ui">
      <Filter>Form Files</Filter>
    </CustomBuild>
    <CustomBuild Include="BrowseComment.h">
      <Filter>Header Files</Filter>
    </CustomBuild>
    <CustomBuild Include="BrowseComment.ui">
      <Filter>Form Files</Filter>
    </CustomBuild>
    <CustomBuild Include="AddComment.h">
      <Filter>Header Files</Filter>
    </CustomBuild>
    <CustomBuild Include="AddComment.ui">
      <Filter>Form Files</Filter>
    </CustomBuild>
    <CustomBuild Include="CookView.h">
      <Filter>Header Files</Filter>
    </CustomBuild>
    <CustomBuild Include="CookView.ui">
      <Filter>Form Files</Filter>
    </CustomBuild>
    <CustomBuild Include="WaitorView.h">
      <Filter>Header Files</Filter>
    </CustomBuild>
    <CustomBuild Include="WaitorView.ui">
      <Filter>Form Files</Filter>
    </CustomBuild>
    <CustomBuild Include="ManagerView.h">
      <Filter>Header Files</Filter>
    </CustomBuild>
    <CustomBuild Include="ManagerView.ui">
      <Filter>Form Files</Filter>
    </CustomBuild>
    <CustomBuild Include="ProfileView.h">
      <Filter>Header Files</Filter>
    </CustomBuild>
    <CustomBuild Include="ProfileView.ui">
      <Filter>Form Files</Filter>
    </CustomBuild>
  </ItemGroup>
  <ItemGroup>
    <ResourceCompile Include="ProjectFrontend.rc" />
  </ItemGroup>
  <ItemGroup>
    <None Include="ClassDiagram.cd" />
    <None Include="MyUIOptimisation.css">
      <Filter>Resource Files</Filter>
    </None>
  </ItemGroup>
</Project>